// !$*UTF8*$!
{
	archiveVersion = 1;
	classes = {
	};
	objectVersion = 50;
	objects = {

/* Begin PBXBuildFile section */
		859E358E23EC05F5004BFDCF /* FlowersDetailViewModel.swift in Sources */ = {isa = PBXBuildFile; fileRef = 859E358D23EC05F5004BFDCF /* FlowersDetailViewModel.swift */; };
		E46F66C023E8902C006B0EDA /* AppDelegate.swift in Sources */ = {isa = PBXBuildFile; fileRef = E46F66BF23E8902C006B0EDA /* AppDelegate.swift */; };
		E46F66C223E8902C006B0EDA /* SceneDelegate.swift in Sources */ = {isa = PBXBuildFile; fileRef = E46F66C123E8902C006B0EDA /* SceneDelegate.swift */; };
		E46F66C423E8902C006B0EDA /* FlowersOrderTableViewController.swift in Sources */ = {isa = PBXBuildFile; fileRef = E46F66C323E8902C006B0EDA /* FlowersOrderTableViewController.swift */; };
		E46F66C723E8902C006B0EDA /* Main.storyboard in Resources */ = {isa = PBXBuildFile; fileRef = E46F66C523E8902C006B0EDA /* Main.storyboard */; };
		E46F66C923E8902E006B0EDA /* Assets.xcassets in Resources */ = {isa = PBXBuildFile; fileRef = E46F66C823E8902E006B0EDA /* Assets.xcassets */; };
		E46F66CC23E8902E006B0EDA /* LaunchScreen.storyboard in Resources */ = {isa = PBXBuildFile; fileRef = E46F66CA23E8902E006B0EDA /* LaunchScreen.storyboard */; };
		E46F66D723E8902E006B0EDA /* FlowersOrderTests.swift in Sources */ = {isa = PBXBuildFile; fileRef = E46F66D623E8902E006B0EDA /* FlowersOrderTests.swift */; };
		E46F66E223E89517006B0EDA /* FlowersOrderTableViewCell.swift in Sources */ = {isa = PBXBuildFile; fileRef = E46F66E123E89517006B0EDA /* FlowersOrderTableViewCell.swift */; };
		E46F66E423E8A3D2006B0EDA /* Flower.swift in Sources */ = {isa = PBXBuildFile; fileRef = E46F66E323E8A3D2006B0EDA /* Flower.swift */; };
		E4970F3023EB301D0017AA8F /* Configurator.swift in Sources */ = {isa = PBXBuildFile; fileRef = E4970F2F23EB301D0017AA8F /* Configurator.swift */; };
		E4CDDA1A23E9D28B00D20A4B /* FlowersOrderService.swift in Sources */ = {isa = PBXBuildFile; fileRef = E4CDDA1923E9D28B00D20A4B /* FlowersOrderService.swift */; };
		E4CDDA1C23E9D39D00D20A4B /* FlowersOrderViewModel.swift in Sources */ = {isa = PBXBuildFile; fileRef = E4CDDA1B23E9D39D00D20A4B /* FlowersOrderViewModel.swift */; };
		E4CDDA1E23E9D89300D20A4B /* CellViewModel.swift in Sources */ = {isa = PBXBuildFile; fileRef = E4CDDA1D23E9D89300D20A4B /* CellViewModel.swift */; };
		E4CDDA2123E9E3F100D20A4B /* FlowersDetailViewController.swift in Sources */ = {isa = PBXBuildFile; fileRef = E4CDDA2023E9E3F100D20A4B /* FlowersDetailViewController.swift */; };
/* End PBXBuildFile section */

/* Begin PBXContainerItemProxy section */
		E46F66D323E8902E006B0EDA /* PBXContainerItemProxy */ = {
			isa = PBXContainerItemProxy;
			containerPortal = E46F66B423E8902C006B0EDA /* Project object */;
			proxyType = 1;
			remoteGlobalIDString = E46F66BB23E8902C006B0EDA;
			remoteInfo = FlowersOrder;
		};
/* End PBXContainerItemProxy section */

/* Begin PBXFileReference section */
		859E358D23EC05F5004BFDCF /* FlowersDetailViewModel.swift */ = {isa = PBXFileReference; lastKnownFileType = sourcecode.swift; path = FlowersDetailViewModel.swift; sourceTree = "<group>"; };
		E46F66BC23E8902C006B0EDA /* FlowersOrder.app */ = {isa = PBXFileReference; explicitFileType = wrapper.application; includeInIndex = 0; path = FlowersOrder.app; sourceTree = BUILT_PRODUCTS_DIR; };
		E46F66BF23E8902C006B0EDA /* AppDelegate.swift */ = {isa = PBXFileReference; lastKnownFileType = sourcecode.swift; path = AppDelegate.swift; sourceTree = "<group>"; };
		E46F66C123E8902C006B0EDA /* SceneDelegate.swift */ = {isa = PBXFileReference; lastKnownFileType = sourcecode.swift; path = SceneDelegate.swift; sourceTree = "<group>"; };
		E46F66C323E8902C006B0EDA /* FlowersOrderTableViewController.swift */ = {isa = PBXFileReference; lastKnownFileType = sourcecode.swift; path = FlowersOrderTableViewController.swift; sourceTree = "<group>"; };
		E46F66C623E8902C006B0EDA /* Base */ = {isa = PBXFileReference; lastKnownFileType = file.storyboard; name = Base; path = Base.lproj/Main.storyboard; sourceTree = "<group>"; };
		E46F66C823E8902E006B0EDA /* Assets.xcassets */ = {isa = PBXFileReference; lastKnownFileType = folder.assetcatalog; path = Assets.xcassets; sourceTree = "<group>"; };
		E46F66CB23E8902E006B0EDA /* Base */ = {isa = PBXFileReference; lastKnownFileType = file.storyboard; name = Base; path = Base.lproj/LaunchScreen.storyboard; sourceTree = "<group>"; };
		E46F66CD23E8902E006B0EDA /* Info.plist */ = {isa = PBXFileReference; lastKnownFileType = text.plist.xml; path = Info.plist; sourceTree = "<group>"; };
		E46F66D223E8902E006B0EDA /* FlowersOrderTests.xctest */ = {isa = PBXFileReference; explicitFileType = wrapper.cfbundle; includeInIndex = 0; path = FlowersOrderTests.xctest; sourceTree = BUILT_PRODUCTS_DIR; };
		E46F66D623E8902E006B0EDA /* FlowersOrderTests.swift */ = {isa = PBXFileReference; lastKnownFileType = sourcecode.swift; path = FlowersOrderTests.swift; sourceTree = "<group>"; };
		E46F66D823E8902E006B0EDA /* Info.plist */ = {isa = PBXFileReference; lastKnownFileType = text.plist.xml; path = Info.plist; sourceTree = "<group>"; };
		E46F66E123E89517006B0EDA /* FlowersOrderTableViewCell.swift */ = {isa = PBXFileReference; lastKnownFileType = sourcecode.swift; path = FlowersOrderTableViewCell.swift; sourceTree = "<group>"; };
		E46F66E323E8A3D2006B0EDA /* Flower.swift */ = {isa = PBXFileReference; lastKnownFileType = sourcecode.swift; path = Flower.swift; sourceTree = "<group>"; };
		E4970F2F23EB301D0017AA8F /* Configurator.swift */ = {isa = PBXFileReference; lastKnownFileType = sourcecode.swift; path = Configurator.swift; sourceTree = "<group>"; };
		E4CDDA1923E9D28B00D20A4B /* FlowersOrderService.swift */ = {isa = PBXFileReference; lastKnownFileType = sourcecode.swift; path = FlowersOrderService.swift; sourceTree = "<group>"; };
		E4CDDA1B23E9D39D00D20A4B /* FlowersOrderViewModel.swift */ = {isa = PBXFileReference; lastKnownFileType = sourcecode.swift; path = FlowersOrderViewModel.swift; sourceTree = "<group>"; };
		E4CDDA1D23E9D89300D20A4B /* CellViewModel.swift */ = {isa = PBXFileReference; lastKnownFileType = sourcecode.swift; path = CellViewModel.swift; sourceTree = "<group>"; };
		E4CDDA2023E9E3F100D20A4B /* FlowersDetailViewController.swift */ = {isa = PBXFileReference; lastKnownFileType = sourcecode.swift; path = FlowersDetailViewController.swift; sourceTree = "<group>"; };
/* End PBXFileReference section */

/* Begin PBXFrameworksBuildPhase section */
		E46F66B923E8902C006B0EDA /* Frameworks */ = {
			isa = PBXFrameworksBuildPhase;
			buildActionMask = 2147483647;
			files = (
			);
			runOnlyForDeploymentPostprocessing = 0;
		};
		E46F66CF23E8902E006B0EDA /* Frameworks */ = {
			isa = PBXFrameworksBuildPhase;
			buildActionMask = 2147483647;
			files = (
			);
			runOnlyForDeploymentPostprocessing = 0;
		};
/* End PBXFrameworksBuildPhase section */

/* Begin PBXGroup section */
		859E358623EBF085004BFDCF /* Storyboards */ = {
			isa = PBXGroup;
			children = (
				E46F66C523E8902C006B0EDA /* Main.storyboard */,
				E46F66CA23E8902E006B0EDA /* LaunchScreen.storyboard */,
			);
			path = Storyboards;
			sourceTree = "<group>";
		};
		859E358723EBF09F004BFDCF /* FlowersOrderScreen */ = {
			isa = PBXGroup;
			children = (
				E46F66C323E8902C006B0EDA /* FlowersOrderTableViewController.swift */,
				E46F66E123E89517006B0EDA /* FlowersOrderTableViewCell.swift */,
				E4CDDA1B23E9D39D00D20A4B /* FlowersOrderViewModel.swift */,
				E4CDDA1923E9D28B00D20A4B /* FlowersOrderService.swift */,
				E4970F2F23EB301D0017AA8F /* Configurator.swift */,
				E4CDDA1D23E9D89300D20A4B /* CellViewModel.swift */,
			);
			path = FlowersOrderScreen;
			sourceTree = "<group>";
		};
		859E358823EBF11E004BFDCF /* Models */ = {
			isa = PBXGroup;
			children = (
				E46F66E323E8A3D2006B0EDA /* Flower.swift */,
			);
			path = Models;
			sourceTree = "<group>";
		};
		859E358923EBF128004BFDCF /* FlowersDetailScreen */ = {
			isa = PBXGroup;
			children = (
				E4CDDA2023E9E3F100D20A4B /* FlowersDetailViewController.swift */,
				859E358D23EC05F5004BFDCF /* FlowersDetailViewModel.swift */,
			);
			path = FlowersDetailScreen;
			sourceTree = "<group>";
		};
		E46F66B323E8902C006B0EDA = {
			isa = PBXGroup;
			children = (
				E46F66BE23E8902C006B0EDA /* FlowersOrder */,
				E46F66D523E8902E006B0EDA /* FlowersOrderTests */,
				E46F66BD23E8902C006B0EDA /* Products */,
			);
			sourceTree = "<group>";
		};
		E46F66BD23E8902C006B0EDA /* Products */ = {
			isa = PBXGroup;
			children = (
				E46F66BC23E8902C006B0EDA /* FlowersOrder.app */,
				E46F66D223E8902E006B0EDA /* FlowersOrderTests.xctest */,
			);
			name = Products;
			sourceTree = "<group>";
		};
		E46F66BE23E8902C006B0EDA /* FlowersOrder */ = {
			isa = PBXGroup;
			children = (
				859E358923EBF128004BFDCF /* FlowersDetailScreen */,
				859E358823EBF11E004BFDCF /* Models */,
				859E358723EBF09F004BFDCF /* FlowersOrderScreen */,
				859E358623EBF085004BFDCF /* Storyboards */,
				E46F66BF23E8902C006B0EDA /* AppDelegate.swift */,
				E46F66C123E8902C006B0EDA /* SceneDelegate.swift */,
				E46F66C823E8902E006B0EDA /* Assets.xcassets */,
				E46F66CD23E8902E006B0EDA /* Info.plist */,
			);
			path = FlowersOrder;
			sourceTree = "<group>";
		};
		E46F66D523E8902E006B0EDA /* FlowersOrderTests */ = {
			isa = PBXGroup;
			children = (
				E46F66D623E8902E006B0EDA /* FlowersOrderTests.swift */,
				E46F66D823E8902E006B0EDA /* Info.plist */,
			);
			path = FlowersOrderTests;
			sourceTree = "<group>";
		};
/* End PBXGroup section */

/* Begin PBXNativeTarget section */
		E46F66BB23E8902C006B0EDA /* FlowersOrder */ = {
			isa = PBXNativeTarget;
			buildConfigurationList = E46F66DB23E8902E006B0EDA /* Build configuration list for PBXNativeTarget "FlowersOrder" */;
			buildPhases = (
				E46F66B823E8902C006B0EDA /* Sources */,
				E46F66B923E8902C006B0EDA /* Frameworks */,
				E46F66BA23E8902C006B0EDA /* Resources */,
			);
			buildRules = (
			);
			dependencies = (
			);
			name = FlowersOrder;
			productName = FlowersOrder;
			productReference = E46F66BC23E8902C006B0EDA /* FlowersOrder.app */;
			productType = "com.apple.product-type.application";
		};
		E46F66D123E8902E006B0EDA /* FlowersOrderTests */ = {
			isa = PBXNativeTarget;
			buildConfigurationList = E46F66DE23E8902E006B0EDA /* Build configuration list for PBXNativeTarget "FlowersOrderTests" */;
			buildPhases = (
				E46F66CE23E8902E006B0EDA /* Sources */,
				E46F66CF23E8902E006B0EDA /* Frameworks */,
				E46F66D023E8902E006B0EDA /* Resources */,
			);
			buildRules = (
			);
			dependencies = (
				E46F66D423E8902E006B0EDA /* PBXTargetDependency */,
			);
			name = FlowersOrderTests;
			productName = FlowersOrderTests;
			productReference = E46F66D223E8902E006B0EDA /* FlowersOrderTests.xctest */;
			productType = "com.apple.product-type.bundle.unit-test";
		};
/* End PBXNativeTarget section */

/* Begin PBXProject section */
		E46F66B423E8902C006B0EDA /* Project object */ = {
			isa = PBXProject;
			attributes = {
				LastSwiftUpdateCheck = 1130;
				LastUpgradeCheck = 1130;
				ORGANIZATIONNAME = NewBlack;
				TargetAttributes = {
					E46F66BB23E8902C006B0EDA = {
						CreatedOnToolsVersion = 11.3.1;
					};
					E46F66D123E8902E006B0EDA = {
						CreatedOnToolsVersion = 11.3.1;
						TestTargetID = E46F66BB23E8902C006B0EDA;
					};
				};
			};
			buildConfigurationList = E46F66B723E8902C006B0EDA /* Build configuration list for PBXProject "FlowersOrder" */;
			compatibilityVersion = "Xcode 9.3";
			developmentRegion = en;
			hasScannedForEncodings = 0;
			knownRegions = (
				en,
				Base,
			);
			mainGroup = E46F66B323E8902C006B0EDA;
			productRefGroup = E46F66BD23E8902C006B0EDA /* Products */;
			projectDirPath = "";
			projectRoot = "";
			targets = (
				E46F66BB23E8902C006B0EDA /* FlowersOrder */,
				E46F66D123E8902E006B0EDA /* FlowersOrderTests */,
			);
		};
/* End PBXProject section */

/* Begin PBXResourcesBuildPhase section */
		E46F66BA23E8902C006B0EDA /* Resources */ = {
			isa = PBXResourcesBuildPhase;
			buildActionMask = 2147483647;
			files = (
				E46F66CC23E8902E006B0EDA /* LaunchScreen.storyboard in Resources */,
				E46F66C923E8902E006B0EDA /* Assets.xcassets in Resources */,
				E46F66C723E8902C006B0EDA /* Main.storyboard in Resources */,
			);
			runOnlyForDeploymentPostprocessing = 0;
		};
		E46F66D023E8902E006B0EDA /* Resources */ = {
			isa = PBXResourcesBuildPhase;
			buildActionMask = 2147483647;
			files = (
			);
			runOnlyForDeploymentPostprocessing = 0;
		};
/* End PBXResourcesBuildPhase section */

/* Begin PBXSourcesBuildPhase section */
		E46F66B823E8902C006B0EDA /* Sources */ = {
			isa = PBXSourcesBuildPhase;
			buildActionMask = 2147483647;
			files = (
				859E358E23EC05F5004BFDCF /* FlowersDetailViewModel.swift in Sources */,
				E46F66C423E8902C006B0EDA /* FlowersOrderTableViewController.swift in Sources */,
				E4CDDA1A23E9D28B00D20A4B /* FlowersOrderService.swift in Sources */,
				E4CDDA2123E9E3F100D20A4B /* FlowersDetailViewController.swift in Sources */,
				E4CDDA1E23E9D89300D20A4B /* CellViewModel.swift in Sources */,
				E46F66E223E89517006B0EDA /* FlowersOrderTableViewCell.swift in Sources */,
				E46F66E423E8A3D2006B0EDA /* Flower.swift in Sources */,
				E46F66C023E8902C006B0EDA /* AppDelegate.swift in Sources */,
				E4CDDA1C23E9D39D00D20A4B /* FlowersOrderViewModel.swift in Sources */,
				E4970F3023EB301D0017AA8F /* Configurator.swift in Sources */,
				E46F66C223E8902C006B0EDA /* SceneDelegate.swift in Sources */,
			);
			runOnlyForDeploymentPostprocessing = 0;
		};
		E46F66CE23E8902E006B0EDA /* Sources */ = {
			isa = PBXSourcesBuildPhase;
			buildActionMask = 2147483647;
			files = (
				E46F66D723E8902E006B0EDA /* FlowersOrderTests.swift in Sources */,
			);
			runOnlyForDeploymentPostprocessing = 0;
		};
/* End PBXSourcesBuildPhase section */

/* Begin PBXTargetDependency section */
		E46F66D423E8902E006B0EDA /* PBXTargetDependency */ = {
			isa = PBXTargetDependency;
			target = E46F66BB23E8902C006B0EDA /* FlowersOrder */;
			targetProxy = E46F66D323E8902E006B0EDA /* PBXContainerItemProxy */;
		};
/* End PBXTargetDependency section */

/* Begin PBXVariantGroup section */
		E46F66C523E8902C006B0EDA /* Main.storyboard */ = {
			isa = PBXVariantGroup;
			children = (
				E46F66C623E8902C006B0EDA /* Base */,
			);
			name = Main.storyboard;
			sourceTree = "<group>";
		};
		E46F66CA23E8902E006B0EDA /* LaunchScreen.storyboard */ = {
			isa = PBXVariantGroup;
			children = (
				E46F66CB23E8902E006B0EDA /* Base */,
			);
			name = LaunchScreen.storyboard;
			sourceTree = "<group>";
		};
/* End PBXVariantGroup section */

/* Begin XCBuildConfiguration section */
		E46F66D923E8902E006B0EDA /* Debug */ = {
			isa = XCBuildConfiguration;
			buildSettings = {
				ALWAYS_SEARCH_USER_PATHS = NO;
				CLANG_ANALYZER_NONNULL = YES;
				CLANG_ANALYZER_NUMBER_OBJECT_CONVERSION = YES_AGGRESSIVE;
				CLANG_CXX_LANGUAGE_STANDARD = "gnu++14";
				CLANG_CXX_LIBRARY = "libc++";
				CLANG_ENABLE_MODULES = YES;
				CLANG_ENABLE_OBJC_ARC = YES;
				CLANG_ENABLE_OBJC_WEAK = YES;
				CLANG_WARN_BLOCK_CAPTURE_AUTORELEASING = YES;
				CLANG_WARN_BOOL_CONVERSION = YES;
				CLANG_WARN_COMMA = YES;
				CLANG_WARN_CONSTANT_CONVERSION = YES;
				CLANG_WARN_DEPRECATED_OBJC_IMPLEMENTATIONS = YES;
				CLANG_WARN_DIRECT_OBJC_ISA_USAGE = YES_ERROR;
				CLANG_WARN_DOCUMENTATION_COMMENTS = YES;
				CLANG_WARN_EMPTY_BODY = YES;
				CLANG_WARN_ENUM_CONVERSION = YES;
				CLANG_WARN_INFINITE_RECURSION = YES;
				CLANG_WARN_INT_CONVERSION = YES;
				CLANG_WARN_NON_LITERAL_NULL_CONVERSION = YES;
				CLANG_WARN_OBJC_IMPLICIT_RETAIN_SELF = YES;
				CLANG_WARN_OBJC_LITERAL_CONVERSION = YES;
				CLANG_WARN_OBJC_ROOT_CLASS = YES_ERROR;
				CLANG_WARN_RANGE_LOOP_ANALYSIS = YES;
				CLANG_WARN_STRICT_PROTOTYPES = YES;
				CLANG_WARN_SUSPICIOUS_MOVE = YES;
				CLANG_WARN_UNGUARDED_AVAILABILITY = YES_AGGRESSIVE;
				CLANG_WARN_UNREACHABLE_CODE = YES;
				CLANG_WARN__DUPLICATE_METHOD_MATCH = YES;
				COPY_PHASE_STRIP = NO;
				DEBUG_INFORMATION_FORMAT = dwarf;
				ENABLE_STRICT_OBJC_MSGSEND = YES;
				ENABLE_TESTABILITY = YES;
				GCC_C_LANGUAGE_STANDARD = gnu11;
				GCC_DYNAMIC_NO_PIC = NO;
				GCC_NO_COMMON_BLOCKS = YES;
				GCC_OPTIMIZATION_LEVEL = 0;
				GCC_PREPROCESSOR_DEFINITIONS = (
					"DEBUG=1",
					"$(inherited)",
				);
				GCC_WARN_64_TO_32_BIT_CONVERSION = YES;
				GCC_WARN_ABOUT_RETURN_TYPE = YES_ERROR;
				GCC_WARN_UNDECLARED_SELECTOR = YES;
				GCC_WARN_UNINITIALIZED_AUTOS = YES_AGGRESSIVE;
				GCC_WARN_UNUSED_FUNCTION = YES;
				GCC_WARN_UNUSED_VARIABLE = YES;
				IPHONEOS_DEPLOYMENT_TARGET = 13.2;
				MTL_ENABLE_DEBUG_INFO = INCLUDE_SOURCE;
				MTL_FAST_MATH = YES;
				ONLY_ACTIVE_ARCH = YES;
				SDKROOT = iphoneos;
				SWIFT_ACTIVE_COMPILATION_CONDITIONS = DEBUG;
				SWIFT_OPTIMIZATION_LEVEL = "-Onone";
			};
			name = Debug;
		};
		E46F66DA23E8902E006B0EDA /* Release */ = {
			isa = XCBuildConfiguration;
			buildSettings = {
				ALWAYS_SEARCH_USER_PATHS = NO;
				CLANG_ANALYZER_NONNULL = YES;
				CLANG_ANALYZER_NUMBER_OBJECT_CONVERSION = YES_AGGRESSIVE;
				CLANG_CXX_LANGUAGE_STANDARD = "gnu++14";
				CLANG_CXX_LIBRARY = "libc++";
				CLANG_ENABLE_MODULES = YES;
				CLANG_ENABLE_OBJC_ARC = YES;
				CLANG_ENABLE_OBJC_WEAK = YES;
				CLANG_WARN_BLOCK_CAPTURE_AUTORELEASING = YES;
				CLANG_WARN_BOOL_CONVERSION = YES;
				CLANG_WARN_COMMA = YES;
				CLANG_WARN_CONSTANT_CONVERSION = YES;
				CLANG_WARN_DEPRECATED_OBJC_IMPLEMENTATIONS = YES;
				CLANG_WARN_DIRECT_OBJC_ISA_USAGE = YES_ERROR;
				CLANG_WARN_DOCUMENTATION_COMMENTS = YES;
				CLANG_WARN_EMPTY_BODY = YES;
				CLANG_WARN_ENUM_CONVERSION = YES;
				CLANG_WARN_INFINITE_RECURSION = YES;
				CLANG_WARN_INT_CONVERSION = YES;
				CLANG_WARN_NON_LITERAL_NULL_CONVERSION = YES;
				CLANG_WARN_OBJC_IMPLICIT_RETAIN_SELF = YES;
				CLANG_WARN_OBJC_LITERAL_CONVERSION = YES;
				CLANG_WARN_OBJC_ROOT_CLASS = YES_ERROR;
				CLANG_WARN_RANGE_LOOP_ANALYSIS = YES;
				CLANG_WARN_STRICT_PROTOTYPES = YES;
				CLANG_WARN_SUSPICIOUS_MOVE = YES;
				CLANG_WARN_UNGUARDED_AVAILABILITY = YES_AGGRESSIVE;
				CLANG_WARN_UNREACHABLE_CODE = YES;
				CLANG_WARN__DUPLICATE_METHOD_MATCH = YES;
				COPY_PHASE_STRIP = NO;
				DEBUG_INFORMATION_FORMAT = "dwarf-with-dsym";
				ENABLE_NS_ASSERTIONS = NO;
				ENABLE_STRICT_OBJC_MSGSEND = YES;
				GCC_C_LANGUAGE_STANDARD = gnu11;
				GCC_NO_COMMON_BLOCKS = YES;
				GCC_WARN_64_TO_32_BIT_CONVERSION = YES;
				GCC_WARN_ABOUT_RETURN_TYPE = YES_ERROR;
				GCC_WARN_UNDECLARED_SELECTOR = YES;
				GCC_WARN_UNINITIALIZED_AUTOS = YES_AGGRESSIVE;
				GCC_WARN_UNUSED_FUNCTION = YES;
				GCC_WARN_UNUSED_VARIABLE = YES;
				IPHONEOS_DEPLOYMENT_TARGET = 13.2;
				MTL_ENABLE_DEBUG_INFO = NO;
				MTL_FAST_MATH = YES;
				SDKROOT = iphoneos;
				SWIFT_COMPILATION_MODE = wholemodule;
				SWIFT_OPTIMIZATION_LEVEL = "-O";
				VALIDATE_PRODUCT = YES;
			};
			name = Release;
		};
		E46F66DC23E8902E006B0EDA /* Debug */ = {
			isa = XCBuildConfiguration;
			buildSettings = {
				ASSETCATALOG_COMPILER_APPICON_NAME = AppIcon;
				CODE_SIGN_STYLE = Automatic;
				DEVELOPMENT_TEAM = HT46895W3U;
				INFOPLIST_FILE = FlowersOrder/Info.plist;
				LD_RUNPATH_SEARCH_PATHS = (
					"$(inherited)",
					"@executable_path/Frameworks",
				);
				PRODUCT_BUNDLE_IDENTIFIER = eu.newblack.FlowersOrder;
				PRODUCT_NAME = "$(TARGET_NAME)";
				SWIFT_VERSION = 5.0;
				TARGETED_DEVICE_FAMILY = "1,2";
			};
			name = Debug;
		};
		E46F66DD23E8902E006B0EDA /* Release */ = {
			isa = XCBuildConfiguration;
			buildSettings = {
				ASSETCATALOG_COMPILER_APPICON_NAME = AppIcon;
				CODE_SIGN_STYLE = Automatic;
				DEVELOPMENT_TEAM = HT46895W3U;
				INFOPLIST_FILE = FlowersOrder/Info.plist;
				LD_RUNPATH_SEARCH_PATHS = (
					"$(inherited)",
					"@executable_path/Frameworks",
				);
				PRODUCT_BUNDLE_IDENTIFIER = eu.newblack.FlowersOrder;
				PRODUCT_NAME = "$(TARGET_NAME)";
				SWIFT_VERSION = 5.0;
				TARGETED_DEVICE_FAMILY = "1,2";
			};
			name = Release;
		};
		E46F66DF23E8902E006B0EDA /* Debug */ = {
			isa = XCBuildConfiguration;
			buildSettings = {
				ALWAYS_EMBED_SWIFT_STANDARD_LIBRARIES = YES;
				BUNDLE_LOADER = "$(TEST_HOST)";
				CODE_SIGN_STYLE = Automatic;
				DEVELOPMENT_TEAM = HT46895W3U;
				INFOPLIST_FILE = FlowersOrderTests/Info.plist;
				IPHONEOS_DEPLOYMENT_TARGET = 13.2;
				LD_RUNPATH_SEARCH_PATHS = (
					"$(inherited)",
					"@executable_path/Frameworks",
					"@loader_path/Frameworks",
				);
				PRODUCT_BUNDLE_IDENTIFIER = eu.newblack.FlowersOrderTests;
				PRODUCT_NAME = "$(TARGET_NAME)";
				SWIFT_VERSION = 5.0;
				TARGETED_DEVICE_FAMILY = "1,2";
				TEST_HOST = "$(BUILT_PRODUCTS_DIR)/FlowersOrder.app/FlowersOrder";
			};
			name = Debug;
		};
		E46F66E023E8902E006B0EDA /* Release */ = {
			isa = XCBuildConfiguration;
			buildSettings = {
				ALWAYS_EMBED_SWIFT_STANDARD_LIBRARIES = YES;
				BUNDLE_LOADER = "$(TEST_HOST)";
				CODE_SIGN_STYLE = Automatic;
				DEVELOPMENT_TEAM = HT46895W3U;
				INFOPLIST_FILE = FlowersOrderTests/Info.plist;
				IPHONEOS_DEPLOYMENT_TARGET = 13.2;
				LD_RUNPATH_SEARCH_PATHS = (
					"$(inherited)",
					"@executable_path/Frameworks",
					"@loader_path/Frameworks",
				);
				PRODUCT_BUNDLE_IDENTIFIER = eu.newblack.FlowersOrderTests;
				PRODUCT_NAME = "$(TARGET_NAME)";
				SWIFT_VERSION = 5.0;
				TARGETED_DEVICE_FAMILY = "1,2";
				TEST_HOST = "$(BUILT_PRODUCTS_DIR)/FlowersOrder.app/FlowersOrder";
			};
			name = Release;
		};
/* End XCBuildConfiguration section */

/* Begin XCConfigurationList section */
		E46F66B723E8902C006B0EDA /* Build configuration list for PBXProject "FlowersOrder" */ = {
			isa = XCConfigurationList;
			buildConfigurations = (
				E46F66D923E8902E006B0EDA /* Debug */,
				E46F66DA23E8902E006B0EDA /* Release */,
			);
			defaultConfigurationIsVisible = 0;
			defaultConfigurationName = Release;
		};
		E46F66DB23E8902E006B0EDA /* Build configuration list for PBXNativeTarget "FlowersOrder" */ = {
			isa = XCConfigurationList;
			buildConfigurations = (
				E46F66DC23E8902E006B0EDA /* Debug */,
				E46F66DD23E8902E006B0EDA /* Release */,
			);
			defaultConfigurationIsVisible = 0;
			defaultConfigurationName = Release;
		};
		E46F66DE23E8902E006B0EDA /* Build configuration list for PBXNativeTarget "FlowersOrderTests" */ = {
			isa = XCConfigurationList;
			buildConfigurations = (
				E46F66DF23E8902E006B0EDA /* Debug */,
				E46F66E023E8902E006B0EDA /* Release */,
			);
			defaultConfigurationIsVisible = 0;
			defaultConfigurationName = Release;
		};
/* End XCConfigurationList section */
	};
	rootObject = E46F66B423E8902C006B0EDA /* Project object */;
}
